
Microsoft Visual Studio Solution File, Format Version 12.00
# Visual Studio Version 17
VisualStudioVersion = 17.5.002.0
MinimumVisualStudioVersion = 10.0.40219.1
Project("{9A19103F-16F7-4668-BE54-9A1E7A4F7556}") = "minimal-api", "Api\minimal-api.csproj", "{27CAEA2C-BC55-4263-BEFE-6EDA908E9644}"
EndProject
Project("{FAE04EC0-301F-11D3-BF4B-00C04F79EFBC}") = "Test", "Test\Test.csproj", "{D80A1DE8-5AD8-468F-B3A6-7923C2C3AB1A}"
EndProject
Global
	GlobalSection(SolutionConfigurationPlatforms) = preSolution
		Debug|Any CPU = Debug|Any CPU
		Release|Any CPU = Release|Any CPU
	EndGlobalSection
	GlobalSection(ProjectConfigurationPlatforms) = postSolution
		{27CAEA2C-BC55-4263-BEFE-6EDA908E9644}.Debug|Any CPU.ActiveCfg = Debug|Any CPU
		{27CAEA2C-BC55-4263-BEFE-6EDA908E9644}.Debug|Any CPU.Build.0 = Debug|Any CPU
		{27CAEA2C-BC55-4263-BEFE-6EDA908E9644}.Release|Any CPU.ActiveCfg = Release|Any CPU
		{27CAEA2C-BC55-4263-BEFE-6EDA908E9644}.Release|Any CPU.Build.0 = Release|Any CPU
		{D80A1DE8-5AD8-468F-B3A6-7923C2C3AB1A}.Debug|Any CPU.ActiveCfg = Debug|Any CPU
		{D80A1DE8-5AD8-468F-B3A6-7923C2C3AB1A}.Debug|Any CPU.Build.0 = Debug|Any CPU
		{D80A1DE8-5AD8-468F-B3A6-7923C2C3AB1A}.Release|Any CPU.ActiveCfg = Release|Any CPU
		{D80A1DE8-5AD8-468F-B3A6-7923C2C3AB1A}.Release|Any CPU.Build.0 = Release|Any CPU
	EndGlobalSection
	GlobalSection(SolutionProperties) = preSolution
		HideSolutionNode = FALSE
	EndGlobalSection
	GlobalSection(ExtensibilityGlobals) = postSolution
		SolutionGuid = {77B02FA3-A1B6-4A8D-AB87-61BFD1F02ED2}
	EndGlobalSection
EndGlobal
